# This file is autogenerated, do not edit; changes may be undone by the next 'dep ensure'.


[[projects]]
  digest = "1:c47f4964978e211c6e566596ec6246c329912ea92e9bb99c00798bb4564c5b09"
  name = "github.com/armon/go-radix"
  packages = ["."]
  pruneopts = "UT"
  revision = "1a2de0c21c94309923825da3df33a4381872c795"
  version = "v1.0.0"

[[projects]]
  digest = "1:e47d51dab652d26c3fba6f8cba403f922d02757a82abdc77e90df7948daf296e"
  name = "github.com/deckarep/golang-set"
  packages = ["."]
  pruneopts = "UT"
  revision = "cbaa98ba5575e67703b32b4b19f73c91f3c4159e"
  version = "v1.7.1"

[[projects]]
  digest = "1:f38e4e8fed262d61c52938cbbc4423ca2c5614674fe13166f358623b662e3162"
  name = "github.com/grafov/bcast"
  packages = ["."]
  pruneopts = "UT"
  revision = "9ea08eda04b7e789e4d5fd79af998f605145cbb1"
  version = "v2.0"

[[projects]]
  digest = "1:a2cff208d4759f6ba1b1cd228587b0a1869f95f22542ec9cd17fff64430113c7"
  name = "github.com/jessevdk/go-flags"
  packages = ["."]
  pruneopts = "UT"
  revision = "c6ca198ec95c841fdb89fc0de7496fed11ab854e"
  version = "v1.4.0"

[[projects]]
  branch = "master"
  digest = "1:f44d34fda864bed6d6c71514cd40b2ee097e6e67f745d5d014113e1faa5af8b7"
  name = "github.com/konsorten/go-windows-terminal-sequences"
  packages = ["."]
  pruneopts = "UT"
  revision = "b729f2633dfe35f4d1d8a32385f6685610ce1cb5"

[[projects]]
  branch = "master"
  digest = "1:2c2d8a27723e2c4d28a31172c4f53a5152004009c48d35b89706936f3f0acfc2"
  name = "github.com/martinolsen/go-rpsl"
  packages = ["."]
  pruneopts = "UT"
  revision = "6c317a1559b4609f78d778d8d9d0543a4419df74"

[[projects]]
  branch = "master"
  digest = "1:3337486971990eac6c348f389e15331f1a58d57e33c6a48016a6f3a6446404fb"
  name = "github.com/osrg/gobgp"
  packages = [
    "pkg/packet/bgp",
    "pkg/packet/rtr",
  ]
  pruneopts = "UT"
  revision = "94e70ba60afa615e0e0c031427e13ca7c34a1760"

[[projects]]
  branch = "master"
  digest = "1:6bbab7de83a5298b2f7cc272fb49d0d6c76fdda3affc20557d76f9bf421773af"
  name = "github.com/r7kamura/gospel"
  packages = ["."]
  pruneopts = "UT"
  revision = "d575dd12c2eb84612ae5c84fab56ccb4ce156a1e"

[[projects]]
  digest = "1:ed615c5430ecabbb0fb7629a182da65ecee6523900ac1ac932520860878ffcad"
  name = "github.com/robfig/cron"
  packages = ["."]
  pruneopts = "UT"
  revision = "b41be1df696709bb6395fe435af20370037c0b4c"
  version = "v1.1"

[[projects]]
  digest = "1:dc2d85c13ac22c22a1f3170a41a8e1b897fa05134aaf533f16df44f66a25b4a1"
  name = "github.com/sirupsen/logrus"
  packages = ["."]
  pruneopts = "UT"
  revision = "a67f783a3814b8729bd2dac5780b5f78f8dbd64d"
  version = "v1.1.0"

[[projects]]
  branch = "master"
  digest = "1:3f3a05ae0b95893d90b9b3b5afdb79a9b3d96e4e36e099d841ae602e4aca0da8"
  name = "golang.org/x/crypto"
  packages = ["ssh/terminal"]
  pruneopts = "UT"
  revision = "0e37d006457bf46f9e6692014ba72ef82c33022c"

[[projects]]
  branch = "master"
  digest = "1:6fb1dd382722f93fcf7c52ff631f7b899d8c5d54314d88d42dd1f4e5ac404a30"
  name = "golang.org/x/sys"
  packages = [
    "unix",
    "windows",
  ]
  pruneopts = "UT"
  revision = "2f1df4e56cdeb503a08d8577e6f1a7eb12efab82"

[solve-meta]
  analyzer-name = "dep"
  analyzer-version = 1
  input-imports = [
    "github.com/armon/go-radix",
    "github.com/deckarep/golang-set",
    "github.com/grafov/bcast",
    "github.com/jessevdk/go-flags",
    "github.com/martinolsen/go-rpsl",
    "github.com/osrg/gobgp/pkg/packet/bgp",
    "github.com/osrg/gobgp/pkg/packet/rtr",
    "github.com/r7kamura/gospel",
    "github.com/robfig/cron",
    "github.com/sirupsen/logrus",
  ]
  solver-name = "gps-cdcl"
  solver-version = 1
