# This file is autogenerated, do not edit; changes may be undone by the next 'dep ensure'.


[[projects]]
  digest = "1:c47f4964978e211c6e566596ec6246c329912ea92e9bb99c00798bb4564c5b09"
  name = "github.com/armon/go-radix"
  packages = ["."]
  pruneopts = "UT"
  revision = "1a2de0c21c94309923825da3df33a4381872c795"
  version = "v1.0.0"

[[projects]]
  digest = "1:e47d51dab652d26c3fba6f8cba403f922d02757a82abdc77e90df7948daf296e"
  name = "github.com/deckarep/golang-set"
  packages = ["."]
  pruneopts = "UT"
  revision = "cbaa98ba5575e67703b32b4b19f73c91f3c4159e"
  version = "v1.7.1"

[[projects]]
  digest = "1:f38e4e8fed262d61c52938cbbc4423ca2c5614674fe13166f358623b662e3162"
  name = "github.com/grafov/bcast"
  packages = ["."]
  pruneopts = "UT"
  revision = "9ea08eda04b7e789e4d5fd79af998f605145cbb1"
  version = "v2.0"

[[projects]]
  digest = "1:a2cff208d4759f6ba1b1cd228587b0a1869f95f22542ec9cd17fff64430113c7"
  name = "github.com/jessevdk/go-flags"
  packages = ["."]
  pruneopts = "UT"
  revision = "c6ca198ec95c841fdb89fc0de7496fed11ab854e"
  version = "v1.4.0"

[[projects]]
  digest = "1:0a69a1c0db3591fcefb47f115b224592c8dfa4368b7ba9fae509d5e16cdc95c8"
  name = "github.com/konsorten/go-windows-terminal-sequences"
  packages = ["."]
  pruneopts = "UT"
  revision = "5c8c8bd35d3832f5d134ae1e1e375b69a4d25242"
  version = "v1.0.1"

[[projects]]
  branch = "master"
  digest = "1:2c2d8a27723e2c4d28a31172c4f53a5152004009c48d35b89706936f3f0acfc2"
  name = "github.com/martinolsen/go-rpsl"
  packages = ["."]
  pruneopts = "UT"
  revision = "6c317a1559b4609f78d778d8d9d0543a4419df74"

[[projects]]
  branch = "master"
  digest = "1:5373fc4d32ca2bca930e40a3a6049eba19f2ce6176b5bcd9e6e855a45d617975"
  name = "github.com/osrg/gobgp"
  packages = [
    "pkg/packet/bgp",
    "pkg/packet/rtr",
  ]
  pruneopts = "UT"
  revision = "f17772298e30146aad394dc7bfb8bb0f56cc9889"

[[projects]]
  branch = "master"
  digest = "1:6bbab7de83a5298b2f7cc272fb49d0d6c76fdda3affc20557d76f9bf421773af"
  name = "github.com/r7kamura/gospel"
  packages = ["."]
  pruneopts = "UT"
  revision = "d575dd12c2eb84612ae5c84fab56ccb4ce156a1e"

[[projects]]
  digest = "1:ed615c5430ecabbb0fb7629a182da65ecee6523900ac1ac932520860878ffcad"
  name = "github.com/robfig/cron"
  packages = ["."]
  pruneopts = "UT"
  revision = "b41be1df696709bb6395fe435af20370037c0b4c"
  version = "v1.1"

[[projects]]
  digest = "1:87c2e02fb01c27060ccc5ba7c5a407cc91147726f8f40b70cceeedbc52b1f3a8"
  name = "github.com/sirupsen/logrus"
  packages = ["."]
  pruneopts = "UT"
  revision = "e1e72e9de974bd926e5c56f83753fba2df402ce5"
  version = "v1.3.0"

[[projects]]
  branch = "master"
  digest = "1:fde12c4da6237363bf36b81b59aa36a43d28061167ec4acb0d41fc49464e28b9"
  name = "golang.org/x/crypto"
  packages = ["ssh/terminal"]
  pruneopts = "UT"
  revision = "b8fe1690c61389d7d2a8074a507d1d40c5d30448"

[[projects]]
  branch = "master"
  digest = "1:653cc9ff57cf744d21f74e811af4f330415284bfc291d28f716833618c02c876"
  name = "golang.org/x/sys"
  packages = [
    "unix",
    "windows",
  ]
  pruneopts = "UT"
  revision = "7ae0202eb74c2b534255c71b5a15fa4115aabbcc"

[solve-meta]
  analyzer-name = "dep"
  analyzer-version = 1
  input-imports = [
    "github.com/armon/go-radix",
    "github.com/deckarep/golang-set",
    "github.com/grafov/bcast",
    "github.com/jessevdk/go-flags",
    "github.com/martinolsen/go-rpsl",
    "github.com/osrg/gobgp/pkg/packet/bgp",
    "github.com/osrg/gobgp/pkg/packet/rtr",
    "github.com/r7kamura/gospel",
    "github.com/robfig/cron",
    "github.com/sirupsen/logrus",
  ]
  solver-name = "gps-cdcl"
  solver-version = 1
